
Microsoft Visual Studio Solution File, Format Version 12.00
# Visual Studio Version 16
VisualStudioVersion = 16.0.30204.135
MinimumVisualStudioVersion = 10.0.40219.1
Project("{9A19103F-16F7-4668-BE54-9A1E7A4F7556}") = "BO", "BO\BO.csproj", "{DA859235-2B7B-4519-B77B-042F17EF3D2D}"
EndProject
Project("{9A19103F-16F7-4668-BE54-9A1E7A4F7556}") = "DAL", "DAL\DAL.csproj", "{00D1BACD-DABB-4595-A85A-8292E34B59BE}"
EndProject
Project("{9A19103F-16F7-4668-BE54-9A1E7A4F7556}") = "Entities", "Entities\Entities.csproj", "{0A399683-4E97-4659-8991-3CD766708F4D}"
EndProject
Project("{9A19103F-16F7-4668-BE54-9A1E7A4F7556}") = "API", "API\API.csproj", "{B9BB4C64-02E9-4967-91E3-BC3F5079DA39}"
EndProject
Project("{9A19103F-16F7-4668-BE54-9A1E7A4F7556}") = "Utilities", "Utilities\Utilities.csproj", "{FB43B893-EF3A-4CA3-A661-65F7B3065715}"
EndProject
Global
	GlobalSection(SolutionConfigurationPlatforms) = preSolution
		Debug|Any CPU = Debug|Any CPU
		Release|Any CPU = Release|Any CPU
	EndGlobalSection
	GlobalSection(ProjectConfigurationPlatforms) = postSolution
		{DA859235-2B7B-4519-B77B-042F17EF3D2D}.Debug|Any CPU.ActiveCfg = Debug|Any CPU
		{DA859235-2B7B-4519-B77B-042F17EF3D2D}.Debug|Any CPU.Build.0 = Debug|Any CPU
		{DA859235-2B7B-4519-B77B-042F17EF3D2D}.Release|Any CPU.ActiveCfg = Release|Any CPU
		{DA859235-2B7B-4519-B77B-042F17EF3D2D}.Release|Any CPU.Build.0 = Release|Any CPU
		{00D1BACD-DABB-4595-A85A-8292E34B59BE}.Debug|Any CPU.ActiveCfg = Debug|Any CPU
		{00D1BACD-DABB-4595-A85A-8292E34B59BE}.Debug|Any CPU.Build.0 = Debug|Any CPU
		{00D1BACD-DABB-4595-A85A-8292E34B59BE}.Release|Any CPU.ActiveCfg = Release|Any CPU
		{00D1BACD-DABB-4595-A85A-8292E34B59BE}.Release|Any CPU.Build.0 = Release|Any CPU
		{0A399683-4E97-4659-8991-3CD766708F4D}.Debug|Any CPU.ActiveCfg = Debug|Any CPU
		{0A399683-4E97-4659-8991-3CD766708F4D}.Debug|Any CPU.Build.0 = Debug|Any CPU
		{0A399683-4E97-4659-8991-3CD766708F4D}.Release|Any CPU.ActiveCfg = Release|Any CPU
		{0A399683-4E97-4659-8991-3CD766708F4D}.Release|Any CPU.Build.0 = Release|Any CPU
		{B9BB4C64-02E9-4967-91E3-BC3F5079DA39}.Debug|Any CPU.ActiveCfg = Debug|Any CPU
		{B9BB4C64-02E9-4967-91E3-BC3F5079DA39}.Debug|Any CPU.Build.0 = Debug|Any CPU
		{B9BB4C64-02E9-4967-91E3-BC3F5079DA39}.Release|Any CPU.ActiveCfg = Release|Any CPU
		{B9BB4C64-02E9-4967-91E3-BC3F5079DA39}.Release|Any CPU.Build.0 = Release|Any CPU
		{FB43B893-EF3A-4CA3-A661-65F7B3065715}.Debug|Any CPU.ActiveCfg = Debug|Any CPU
		{FB43B893-EF3A-4CA3-A661-65F7B3065715}.Debug|Any CPU.Build.0 = Debug|Any CPU
		{FB43B893-EF3A-4CA3-A661-65F7B3065715}.Release|Any CPU.ActiveCfg = Release|Any CPU
		{FB43B893-EF3A-4CA3-A661-65F7B3065715}.Release|Any CPU.Build.0 = Release|Any CPU
	EndGlobalSection
	GlobalSection(SolutionProperties) = preSolution
		HideSolutionNode = FALSE
	EndGlobalSection
	GlobalSection(ExtensibilityGlobals) = postSolution
		VisualSVNWorkingCopyRoot = .
		SolutionGuid = {F45F2E7D-8FB4-44CF-9B42-ADCF92B04C21}
	EndGlobalSection
	GlobalSection(SubversionScc) = preSolution
		Svn-Managed = True
		Manager = AnkhSVN2019 - Subversion Support for Visual Studio
	EndGlobalSection
EndGlobal
